{
  "name": "beta-star-sterilizer-configurator",
  "version": "1.0.0",
  "lockfileVersion": 3,
  "requires": true,
  "packages": {
    "": {
      "name": "beta-star-sterilizer-configurator",
      "version": "1.0.0",
      "license": "ISC",
      "devDependencies": {
        "code-context-yeeter": "github:JoshKoiro/code-context-yeeter"
      }
    },
    "node_modules/code-context-yeeter": {
      "version": "1.0.4",
      "resolved": "git+ssh://git@github.com/JoshKoiro/code-context-yeeter.git#c07fb009138db52d6778e14e6a1a9264baf8e9d5",
      "dev": true,
      "license": "MIT"
    }
  }
}
